
Microsoft Visual Studio Solution File, Format Version 12.00
# Visual Studio Version 17
VisualStudioVersion = 17.6.33829.357
MinimumVisualStudioVersion = 10.0.40219.1
Project("{FAE04EC0-301F-11D3-BF4B-00C04F79EFBC}") = "MyTestGit", "MyTestGit.csproj", "{69B4CEC5-5CDB-4709-86B1-06CA27629996}"
EndProject
Global
	GlobalSection(SolutionConfigurationPlatforms) = preSolution
		Debug|Any CPU = Debug|Any CPU
		Release|Any CPU = Release|Any CPU
	EndGlobalSection
	GlobalSection(ProjectConfigurationPlatforms) = postSolution
		{69B4CEC5-5CDB-4709-86B1-06CA27629996}.Debug|Any CPU.ActiveCfg = Debug|Any CPU
		{69B4CEC5-5CDB-4709-86B1-06CA27629996}.Debug|Any CPU.Build.0 = Debug|Any CPU
		{69B4CEC5-5CDB-4709-86B1-06CA27629996}.Release|Any CPU.ActiveCfg = Release|Any CPU
		{69B4CEC5-5CDB-4709-86B1-06CA27629996}.Release|Any CPU.Build.0 = Release|Any CPU
	EndGlobalSection
	GlobalSection(SolutionProperties) = preSolution
		HideSolutionNode = FALSE
	EndGlobalSection
	GlobalSection(ExtensibilityGlobals) = postSolution
		SolutionGuid = {6A1931CF-34CC-4BF5-AC7D-B165B23BF396}
	EndGlobalSection
EndGlobal
